
Microsoft Visual Studio Solution File, Format Version 12.00
# Visual Studio Version 17
VisualStudioVersion = 17.3.32901.215
MinimumVisualStudioVersion = 10.0.40219.1
Project("{FAE04EC0-301F-11D3-BF4B-00C04F79EFBC}") = "musicArray", "musicArray\musicArray.csproj", "{456ABB23-D138-4213-9BFC-E4ABCA45BF04}"
EndProject
Global
	GlobalSection(SolutionConfigurationPlatforms) = preSolution
		Debug|Any CPU = Debug|Any CPU
		Release|Any CPU = Release|Any CPU
	EndGlobalSection
	GlobalSection(ProjectConfigurationPlatforms) = postSolution
		{456ABB23-D138-4213-9BFC-E4ABCA45BF04}.Debug|Any CPU.ActiveCfg = Debug|Any CPU
		{456ABB23-D138-4213-9BFC-E4ABCA45BF04}.Debug|Any CPU.Build.0 = Debug|Any CPU
		{456ABB23-D138-4213-9BFC-E4ABCA45BF04}.Release|Any CPU.ActiveCfg = Release|Any CPU
		{456ABB23-D138-4213-9BFC-E4ABCA45BF04}.Release|Any CPU.Build.0 = Release|Any CPU
	EndGlobalSection
	GlobalSection(SolutionProperties) = preSolution
		HideSolutionNode = FALSE
	EndGlobalSection
	GlobalSection(ExtensibilityGlobals) = postSolution
		SolutionGuid = {9ADE0EA7-6D80-4F0B-8DE3-16E51D1C2CA8}
	EndGlobalSection
EndGlobal
